
Microsoft Visual Studio Solution File, Format Version 12.00
# Visual Studio Version 17
VisualStudioVersion = 17.9.34728.123
MinimumVisualStudioVersion = 10.0.40219.1
Project("{9A19103F-16F7-4668-BE54-9A1E7A4F7556}") = "MindfulEase", "MindfulEase\MindfulEase.csproj", "{25377F93-35AF-4CA5-9FED-351E1EAEEAF4}"
EndProject
Project("{FAE04EC0-301F-11D3-BF4B-00C04F79EFBC}") = "MindfulEase.Tests", "MindfulEase.Tests\MindfulEase.Tests.csproj", "{95003697-3730-4044-8191-836742814DCD}"
EndProject
Global
	GlobalSection(SolutionConfigurationPlatforms) = preSolution
		Debug|Any CPU = Debug|Any CPU
		Release|Any CPU = Release|Any CPU
	EndGlobalSection
	GlobalSection(ProjectConfigurationPlatforms) = postSolution
		{25377F93-35AF-4CA5-9FED-351E1EAEEAF4}.Debug|Any CPU.ActiveCfg = Debug|Any CPU
		{25377F93-35AF-4CA5-9FED-351E1EAEEAF4}.Debug|Any CPU.Build.0 = Debug|Any CPU
		{25377F93-35AF-4CA5-9FED-351E1EAEEAF4}.Release|Any CPU.ActiveCfg = Release|Any CPU
		{25377F93-35AF-4CA5-9FED-351E1EAEEAF4}.Release|Any CPU.Build.0 = Release|Any CPU
		{95003697-3730-4044-8191-836742814DCD}.Debug|Any CPU.ActiveCfg = Debug|Any CPU
		{95003697-3730-4044-8191-836742814DCD}.Debug|Any CPU.Build.0 = Debug|Any CPU
		{95003697-3730-4044-8191-836742814DCD}.Release|Any CPU.ActiveCfg = Release|Any CPU
		{95003697-3730-4044-8191-836742814DCD}.Release|Any CPU.Build.0 = Release|Any CPU
	EndGlobalSection
	GlobalSection(SolutionProperties) = preSolution
		HideSolutionNode = FALSE
	EndGlobalSection
	GlobalSection(ExtensibilityGlobals) = postSolution
		SolutionGuid = {C2FA14A9-D3AB-4E42-90F9-784E10B4120C}
	EndGlobalSection
EndGlobal
